// !$*UTF8*$!
{
	archiveVersion = 1;
	classes = {
	};
	objectVersion = 46;
	objects = {

/* Begin PBXBuildFile section */
		FB0251551E7F7EB000A67D10 /* UIScreen+NGExtension.m in Sources */ = {isa = PBXBuildFile; fileRef = FB0251541E7F7EB000A67D10 /* UIScreen+NGExtension.m */; };
		FB0251591E7F817F00A67D10 /* NSBundle+NGExtension.m in Sources */ = {isa = PBXBuildFile; fileRef = FB0251581E7F817F00A67D10 /* NSBundle+NGExtension.m */; };
		FB02515C1E7F844100A67D10 /* NSString+NGPath.m in Sources */ = {isa = PBXBuildFile; fileRef = FB02515B1E7F844000A67D10 /* NSString+NGPath.m */; };
		FB02515F1E7FDBC300A67D10 /* UINavigationController+NGFullScreenPopGesture.m in Sources */ = {isa = PBXBuildFile; fileRef = FB02515E1E7FDBC300A67D10 /* UINavigationController+NGFullScreenPopGesture.m */; };
		FB02516B1E812A0700A67D10 /* UIKitSampleController.m in Sources */ = {isa = PBXBuildFile; fileRef = FB02516A1E812A0700A67D10 /* UIKitSampleController.m */; };
		FB02516E1E812A0F00A67D10 /* FoundationSampleController.m in Sources */ = {isa = PBXBuildFile; fileRef = FB02516D1E812A0F00A67D10 /* FoundationSampleController.m */; };
		FB0251711E812A3600A67D10 /* NGBaseSampleController.m in Sources */ = {isa = PBXBuildFile; fileRef = FB0251701E812A3600A67D10 /* NGBaseSampleController.m */; };
		FB0251741E83A8CF00A67D10 /* NSString+NGDisplay.m in Sources */ = {isa = PBXBuildFile; fileRef = FB0251731E83A8CF00A67D10 /* NSString+NGDisplay.m */; };
		FB5E26031D815DBA00E4FA37 /* main.m in Sources */ = {isa = PBXBuildFile; fileRef = FB5E26021D815DBA00E4FA37 /* main.m */; };
		FB5E26061D815DBA00E4FA37 /* AppDelegate.m in Sources */ = {isa = PBXBuildFile; fileRef = FB5E26051D815DBA00E4FA37 /* AppDelegate.m */; };
		FB5E260C1D815DBA00E4FA37 /* Main.storyboard in Resources */ = {isa = PBXBuildFile; fileRef = FB5E260A1D815DBA00E4FA37 /* Main.storyboard */; };
		FB5E260E1D815DBA00E4FA37 /* Assets.xcassets in Resources */ = {isa = PBXBuildFile; fileRef = FB5E260D1D815DBA00E4FA37 /* Assets.xcassets */; };
		FB5E26111D815DBA00E4FA37 /* LaunchScreen.storyboard in Resources */ = {isa = PBXBuildFile; fileRef = FB5E260F1D815DBA00E4FA37 /* LaunchScreen.storyboard */; };
		FB5E26621D8167C600E4FA37 /* UIView+NGFrame.m in Sources */ = {isa = PBXBuildFile; fileRef = FB5E26611D8167C600E4FA37 /* UIView+NGFrame.m */; };
		FB65412C1DEBCF3F00DBB4EA /* UIImageSampleController.m in Sources */ = {isa = PBXBuildFile; fileRef = FB65412B1DEBCF3F00DBB4EA /* UIImageSampleController.m */; };
		FB735FFB1DFE46C400034EED /* NSAttributedStringSampleController.m in Sources */ = {isa = PBXBuildFile; fileRef = FB735FFA1DFE46C400034EED /* NSAttributedStringSampleController.m */; };
		FB8896931DE92F7D00F93A0E /* UITextView+NGExtension.m in Sources */ = {isa = PBXBuildFile; fileRef = FB8896921DE92F7D00F93A0E /* UITextView+NGExtension.m */; };
		FB8896961DE92FDF00F93A0E /* UINavigationController+NGExtension.m in Sources */ = {isa = PBXBuildFile; fileRef = FB8896951DE92FDF00F93A0E /* UINavigationController+NGExtension.m */; };
		FB8896991DE9300300F93A0E /* UILabel+NGExtension.m in Sources */ = {isa = PBXBuildFile; fileRef = FB8896981DE9300300F93A0E /* UILabel+NGExtension.m */; };
		FB88969C1DE9302100F93A0E /* UIImage+NGExtension.m in Sources */ = {isa = PBXBuildFile; fileRef = FB88969B1DE9302100F93A0E /* UIImage+NGExtension.m */; };
		FB88969F1DE9431600F93A0E /* UIColor+NGExtension.m in Sources */ = {isa = PBXBuildFile; fileRef = FB88969E1DE9431600F93A0E /* UIColor+NGExtension.m */; };
		FB8896A21DE9438000F93A0E /* UIBarButtonItem+NGExtension.m in Sources */ = {isa = PBXBuildFile; fileRef = FB8896A11DE9438000F93A0E /* UIBarButtonItem+NGExtension.m */; };
		FB8896A81DE943BB00F93A0E /* NSObject+NGExtension.m in Sources */ = {isa = PBXBuildFile; fileRef = FB8896A71DE943BB00F93A0E /* NSObject+NGExtension.m */; };
		FB8896AB1DE943C900F93A0E /* NSDate+NGExtension.m in Sources */ = {isa = PBXBuildFile; fileRef = FB8896AA1DE943C900F93A0E /* NSDate+NGExtension.m */; };
		FB8896AE1DE943D800F93A0E /* NSAttributedString+NGExtension.m in Sources */ = {isa = PBXBuildFile; fileRef = FB8896AD1DE943D800F93A0E /* NSAttributedString+NGExtension.m */; };
		FB8896B11DE943E500F93A0E /* NSArray+NGExtension.m in Sources */ = {isa = PBXBuildFile; fileRef = FB8896B01DE943E500F93A0E /* NSArray+NGExtension.m */; };
		FB8896B41DE949E600F93A0E /* NSString+NGRegex.m in Sources */ = {isa = PBXBuildFile; fileRef = FB8896B31DE949E600F93A0E /* NSString+NGRegex.m */; };
		FBFA552C1DE826490023DA7A /* UIView+NGExtension.m in Sources */ = {isa = PBXBuildFile; fileRef = FBFA552B1DE826490023DA7A /* UIView+NGExtension.m */; };
		FBFA55321DE826850023DA7A /* NSString+NGExtension.m in Sources */ = {isa = PBXBuildFile; fileRef = FBFA55311DE826850023DA7A /* NSString+NGExtension.m */; };
/* End PBXBuildFile section */

/* Begin PBXFileReference section */
		FB0251531E7F7EB000A67D10 /* UIScreen+NGExtension.h */ = {isa = PBXFileReference; fileEncoding = 4; lastKnownFileType = sourcecode.c.h; path = "UIScreen+NGExtension.h"; sourceTree = "<group>"; };
		FB0251541E7F7EB000A67D10 /* UIScreen+NGExtension.m */ = {isa = PBXFileReference; fileEncoding = 4; lastKnownFileType = sourcecode.c.objc; path = "UIScreen+NGExtension.m"; sourceTree = "<group>"; };
		FB0251571E7F817F00A67D10 /* NSBundle+NGExtension.h */ = {isa = PBXFileReference; fileEncoding = 4; lastKnownFileType = sourcecode.c.h; path = "NSBundle+NGExtension.h"; sourceTree = "<group>"; };
		FB0251581E7F817F00A67D10 /* NSBundle+NGExtension.m */ = {isa = PBXFileReference; fileEncoding = 4; lastKnownFileType = sourcecode.c.objc; path = "NSBundle+NGExtension.m"; sourceTree = "<group>"; };
		FB02515A1E7F844000A67D10 /* NSString+NGPath.h */ = {isa = PBXFileReference; fileEncoding = 4; lastKnownFileType = sourcecode.c.h; path = "NSString+NGPath.h"; sourceTree = "<group>"; };
		FB02515B1E7F844000A67D10 /* NSString+NGPath.m */ = {isa = PBXFileReference; fileEncoding = 4; lastKnownFileType = sourcecode.c.objc; path = "NSString+NGPath.m"; sourceTree = "<group>"; };
		FB02515D1E7FDBC300A67D10 /* UINavigationController+NGFullScreenPopGesture.h */ = {isa = PBXFileReference; fileEncoding = 4; lastKnownFileType = sourcecode.c.h; path = "UINavigationController+NGFullScreenPopGesture.h"; sourceTree = "<group>"; };
		FB02515E1E7FDBC300A67D10 /* UINavigationController+NGFullScreenPopGesture.m */ = {isa = PBXFileReference; fileEncoding = 4; lastKnownFileType = sourcecode.c.objc; path = "UINavigationController+NGFullScreenPopGesture.m"; sourceTree = "<group>"; };
		FB0251691E812A0700A67D10 /* UIKitSampleController.h */ = {isa = PBXFileReference; fileEncoding = 4; lastKnownFileType = sourcecode.c.h; path = UIKitSampleController.h; sourceTree = "<group>"; };
		FB02516A1E812A0700A67D10 /* UIKitSampleController.m */ = {isa = PBXFileReference; fileEncoding = 4; lastKnownFileType = sourcecode.c.objc; path = UIKitSampleController.m; sourceTree = "<group>"; };
		FB02516C1E812A0F00A67D10 /* FoundationSampleController.h */ = {isa = PBXFileReference; fileEncoding = 4; lastKnownFileType = sourcecode.c.h; path = FoundationSampleController.h; sourceTree = "<group>"; };
		FB02516D1E812A0F00A67D10 /* FoundationSampleController.m */ = {isa = PBXFileReference; fileEncoding = 4; lastKnownFileType = sourcecode.c.objc; path = FoundationSampleController.m; sourceTree = "<group>"; };
		FB02516F1E812A3600A67D10 /* NGBaseSampleController.h */ = {isa = PBXFileReference; fileEncoding = 4; lastKnownFileType = sourcecode.c.h; path = NGBaseSampleController.h; sourceTree = "<group>"; };
		FB0251701E812A3600A67D10 /* NGBaseSampleController.m */ = {isa = PBXFileReference; fileEncoding = 4; lastKnownFileType = sourcecode.c.objc; path = NGBaseSampleController.m; sourceTree = "<group>"; };
		FB0251721E83A8CF00A67D10 /* NSString+NGDisplay.h */ = {isa = PBXFileReference; fileEncoding = 4; lastKnownFileType = sourcecode.c.h; path = "NSString+NGDisplay.h"; sourceTree = "<group>"; };
		FB0251731E83A8CF00A67D10 /* NSString+NGDisplay.m */ = {isa = PBXFileReference; fileEncoding = 4; lastKnownFileType = sourcecode.c.objc; path = "NSString+NGDisplay.m"; sourceTree = "<group>"; };
		FB5E25FE1D815DBA00E4FA37 /* NGCategoriesSample.app */ = {isa = PBXFileReference; explicitFileType = wrapper.application; includeInIndex = 0; path = NGCategoriesSample.app; sourceTree = BUILT_PRODUCTS_DIR; };
		FB5E26021D815DBA00E4FA37 /* main.m */ = {isa = PBXFileReference; lastKnownFileType = sourcecode.c.objc; path = main.m; sourceTree = "<group>"; };
		FB5E26041D815DBA00E4FA37 /* AppDelegate.h */ = {isa = PBXFileReference; lastKnownFileType = sourcecode.c.h; path = AppDelegate.h; sourceTree = "<group>"; };
		FB5E26051D815DBA00E4FA37 /* AppDelegate.m */ = {isa = PBXFileReference; lastKnownFileType = sourcecode.c.objc; path = AppDelegate.m; sourceTree = "<group>"; };
		FB5E260B1D815DBA00E4FA37 /* Base */ = {isa = PBXFileReference; lastKnownFileType = file.storyboard; name = Base; path = Base.lproj/Main.storyboard; sourceTree = "<group>"; };
		FB5E260D1D815DBA00E4FA37 /* Assets.xcassets */ = {isa = PBXFileReference; lastKnownFileType = folder.assetcatalog; path = Assets.xcassets; sourceTree = "<group>"; };
		FB5E26101D815DBA00E4FA37 /* Base */ = {isa = PBXFileReference; lastKnownFileType = file.storyboard; name = Base; path = Base.lproj/LaunchScreen.storyboard; sourceTree = "<group>"; };
		FB5E26121D815DBA00E4FA37 /* Info.plist */ = {isa = PBXFileReference; lastKnownFileType = text.plist.xml; path = Info.plist; sourceTree = "<group>"; };
		FB5E26501D81673300E4FA37 /* NGFoundation.h */ = {isa = PBXFileReference; fileEncoding = 4; lastKnownFileType = sourcecode.c.h; path = NGFoundation.h; sourceTree = "<group>"; };
		FB5E26561D81673300E4FA37 /* NGCategories.h */ = {isa = PBXFileReference; fileEncoding = 4; lastKnownFileType = sourcecode.c.h; path = NGCategories.h; sourceTree = "<group>"; };
		FB5E26581D81673300E4FA37 /* NGUIKit.h */ = {isa = PBXFileReference; fileEncoding = 4; lastKnownFileType = sourcecode.c.h; path = NGUIKit.h; sourceTree = "<group>"; };
		FB5E26601D8167C600E4FA37 /* UIView+NGFrame.h */ = {isa = PBXFileReference; fileEncoding = 4; lastKnownFileType = sourcecode.c.h; path = "UIView+NGFrame.h"; sourceTree = "<group>"; };
		FB5E26611D8167C600E4FA37 /* UIView+NGFrame.m */ = {isa = PBXFileReference; fileEncoding = 4; lastKnownFileType = sourcecode.c.objc; path = "UIView+NGFrame.m"; sourceTree = "<group>"; };
		FB65412A1DEBCF3F00DBB4EA /* UIImageSampleController.h */ = {isa = PBXFileReference; fileEncoding = 4; lastKnownFileType = sourcecode.c.h; path = UIImageSampleController.h; sourceTree = "<group>"; };
		FB65412B1DEBCF3F00DBB4EA /* UIImageSampleController.m */ = {isa = PBXFileReference; fileEncoding = 4; lastKnownFileType = sourcecode.c.objc; path = UIImageSampleController.m; sourceTree = "<group>"; };
		FB735FF91DFE46C400034EED /* NSAttributedStringSampleController.h */ = {isa = PBXFileReference; fileEncoding = 4; lastKnownFileType = sourcecode.c.h; path = NSAttributedStringSampleController.h; sourceTree = "<group>"; };
		FB735FFA1DFE46C400034EED /* NSAttributedStringSampleController.m */ = {isa = PBXFileReference; fileEncoding = 4; lastKnownFileType = sourcecode.c.objc; path = NSAttributedStringSampleController.m; sourceTree = "<group>"; };
		FB8896911DE92F7D00F93A0E /* UITextView+NGExtension.h */ = {isa = PBXFileReference; fileEncoding = 4; lastKnownFileType = sourcecode.c.h; path = "UITextView+NGExtension.h"; sourceTree = "<group>"; };
		FB8896921DE92F7D00F93A0E /* UITextView+NGExtension.m */ = {isa = PBXFileReference; fileEncoding = 4; lastKnownFileType = sourcecode.c.objc; path = "UITextView+NGExtension.m"; sourceTree = "<group>"; };
		FB8896941DE92FDF00F93A0E /* UINavigationController+NGExtension.h */ = {isa = PBXFileReference; fileEncoding = 4; lastKnownFileType = sourcecode.c.h; path = "UINavigationController+NGExtension.h"; sourceTree = "<group>"; };
		FB8896951DE92FDF00F93A0E /* UINavigationController+NGExtension.m */ = {isa = PBXFileReference; fileEncoding = 4; lastKnownFileType = sourcecode.c.objc; path = "UINavigationController+NGExtension.m"; sourceTree = "<group>"; };
		FB8896971DE9300300F93A0E /* UILabel+NGExtension.h */ = {isa = PBXFileReference; fileEncoding = 4; lastKnownFileType = sourcecode.c.h; path = "UILabel+NGExtension.h"; sourceTree = "<group>"; };
		FB8896981DE9300300F93A0E /* UILabel+NGExtension.m */ = {isa = PBXFileReference; fileEncoding = 4; lastKnownFileType = sourcecode.c.objc; path = "UILabel+NGExtension.m"; sourceTree = "<group>"; };
		FB88969A1DE9302100F93A0E /* UIImage+NGExtension.h */ = {isa = PBXFileReference; fileEncoding = 4; lastKnownFileType = sourcecode.c.h; path = "UIImage+NGExtension.h"; sourceTree = "<group>"; };
		FB88969B1DE9302100F93A0E /* UIImage+NGExtension.m */ = {isa = PBXFileReference; fileEncoding = 4; lastKnownFileType = sourcecode.c.objc; path = "UIImage+NGExtension.m"; sourceTree = "<group>"; };
		FB88969D1DE9431600F93A0E /* UIColor+NGExtension.h */ = {isa = PBXFileReference; fileEncoding = 4; lastKnownFileType = sourcecode.c.h; path = "UIColor+NGExtension.h"; sourceTree = "<group>"; };
		FB88969E1DE9431600F93A0E /* UIColor+NGExtension.m */ = {isa = PBXFileReference; fileEncoding = 4; lastKnownFileType = sourcecode.c.objc; path = "UIColor+NGExtension.m"; sourceTree = "<group>"; };
		FB8896A01DE9438000F93A0E /* UIBarButtonItem+NGExtension.h */ = {isa = PBXFileReference; fileEncoding = 4; lastKnownFileType = sourcecode.c.h; path = "UIBarButtonItem+NGExtension.h"; sourceTree = "<group>"; };
		FB8896A11DE9438000F93A0E /* UIBarButtonItem+NGExtension.m */ = {isa = PBXFileReference; fileEncoding = 4; lastKnownFileType = sourcecode.c.objc; path = "UIBarButtonItem+NGExtension.m"; sourceTree = "<group>"; };
		FB8896A61DE943BB00F93A0E /* NSObject+NGExtension.h */ = {isa = PBXFileReference; fileEncoding = 4; lastKnownFileType = sourcecode.c.h; path = "NSObject+NGExtension.h"; sourceTree = "<group>"; };
		FB8896A71DE943BB00F93A0E /* NSObject+NGExtension.m */ = {isa = PBXFileReference; fileEncoding = 4; lastKnownFileType = sourcecode.c.objc; path = "NSObject+NGExtension.m"; sourceTree = "<group>"; };
		FB8896A91DE943C900F93A0E /* NSDate+NGExtension.h */ = {isa = PBXFileReference; fileEncoding = 4; lastKnownFileType = sourcecode.c.h; path = "NSDate+NGExtension.h"; sourceTree = "<group>"; };
		FB8896AA1DE943C900F93A0E /* NSDate+NGExtension.m */ = {isa = PBXFileReference; fileEncoding = 4; lastKnownFileType = sourcecode.c.objc; path = "NSDate+NGExtension.m"; sourceTree = "<group>"; };
		FB8896AC1DE943D800F93A0E /* NSAttributedString+NGExtension.h */ = {isa = PBXFileReference; fileEncoding = 4; lastKnownFileType = sourcecode.c.h; path = "NSAttributedString+NGExtension.h"; sourceTree = "<group>"; };
		FB8896AD1DE943D800F93A0E /* NSAttributedString+NGExtension.m */ = {isa = PBXFileReference; fileEncoding = 4; lastKnownFileType = sourcecode.c.objc; path = "NSAttributedString+NGExtension.m"; sourceTree = "<group>"; };
		FB8896AF1DE943E500F93A0E /* NSArray+NGExtension.h */ = {isa = PBXFileReference; fileEncoding = 4; lastKnownFileType = sourcecode.c.h; path = "NSArray+NGExtension.h"; sourceTree = "<group>"; };
		FB8896B01DE943E500F93A0E /* NSArray+NGExtension.m */ = {isa = PBXFileReference; fileEncoding = 4; lastKnownFileType = sourcecode.c.objc; path = "NSArray+NGExtension.m"; sourceTree = "<group>"; };
		FB8896B21DE949E600F93A0E /* NSString+NGRegex.h */ = {isa = PBXFileReference; fileEncoding = 4; lastKnownFileType = sourcecode.c.h; path = "NSString+NGRegex.h"; sourceTree = "<group>"; };
		FB8896B31DE949E600F93A0E /* NSString+NGRegex.m */ = {isa = PBXFileReference; fileEncoding = 4; lastKnownFileType = sourcecode.c.objc; path = "NSString+NGRegex.m"; sourceTree = "<group>"; };
		FBFA552A1DE826490023DA7A /* UIView+NGExtension.h */ = {isa = PBXFileReference; fileEncoding = 4; lastKnownFileType = sourcecode.c.h; path = "UIView+NGExtension.h"; sourceTree = "<group>"; };
		FBFA552B1DE826490023DA7A /* UIView+NGExtension.m */ = {isa = PBXFileReference; fileEncoding = 4; lastKnownFileType = sourcecode.c.objc; path = "UIView+NGExtension.m"; sourceTree = "<group>"; };
		FBFA55301DE826850023DA7A /* NSString+NGExtension.h */ = {isa = PBXFileReference; fileEncoding = 4; lastKnownFileType = sourcecode.c.h; path = "NSString+NGExtension.h"; sourceTree = "<group>"; };
		FBFA55311DE826850023DA7A /* NSString+NGExtension.m */ = {isa = PBXFileReference; fileEncoding = 4; lastKnownFileType = sourcecode.c.objc; path = "NSString+NGExtension.m"; sourceTree = "<group>"; };
/* End PBXFileReference section */

/* Begin PBXFrameworksBuildPhase section */
		FB5E25FB1D815DBA00E4FA37 /* Frameworks */ = {
			isa = PBXFrameworksBuildPhase;
			buildActionMask = 2147483647;
			files = (
			);
			runOnlyForDeploymentPostprocessing = 0;
		};
/* End PBXFrameworksBuildPhase section */

/* Begin PBXGroup section */
		FB0251521E7F7E9800A67D10 /* UIScreen */ = {
			isa = PBXGroup;
			children = (
				FB0251531E7F7EB000A67D10 /* UIScreen+NGExtension.h */,
				FB0251541E7F7EB000A67D10 /* UIScreen+NGExtension.m */,
			);
			path = UIScreen;
			sourceTree = "<group>";
		};
		FB0251561E7F816800A67D10 /* NSBundle */ = {
			isa = PBXGroup;
			children = (
				FB0251571E7F817F00A67D10 /* NSBundle+NGExtension.h */,
				FB0251581E7F817F00A67D10 /* NSBundle+NGExtension.m */,
			);
			path = NSBundle;
			sourceTree = "<group>";
		};
		FB5E25F51D815DBA00E4FA37 = {
			isa = PBXGroup;
			children = (
				FB5E264E1D81673300E4FA37 /* NGCategories */,
				FB5E26001D815DBA00E4FA37 /* NGCategoriesSample */,
				FB5E25FF1D815DBA00E4FA37 /* Products */,
			);
			sourceTree = "<group>";
		};
		FB5E25FF1D815DBA00E4FA37 /* Products */ = {
			isa = PBXGroup;
			children = (
				FB5E25FE1D815DBA00E4FA37 /* NGCategoriesSample.app */,
			);
			name = Products;
			sourceTree = "<group>";
		};
		FB5E26001D815DBA00E4FA37 /* NGCategoriesSample */ = {
			isa = PBXGroup;
			children = (
				FB6541281DEBCE6C00DBB4EA /* Foundation */,
				FB6541291DEBCE7400DBB4EA /* UIKit */,
				FB5E26041D815DBA00E4FA37 /* AppDelegate.h */,
				FB5E26051D815DBA00E4FA37 /* AppDelegate.m */,
				FB02516F1E812A3600A67D10 /* NGBaseSampleController.h */,
				FB0251701E812A3600A67D10 /* NGBaseSampleController.m */,
				FB02516C1E812A0F00A67D10 /* FoundationSampleController.h */,
				FB02516D1E812A0F00A67D10 /* FoundationSampleController.m */,
				FB0251691E812A0700A67D10 /* UIKitSampleController.h */,
				FB02516A1E812A0700A67D10 /* UIKitSampleController.m */,
				FB5E260A1D815DBA00E4FA37 /* Main.storyboard */,
				FB5E260D1D815DBA00E4FA37 /* Assets.xcassets */,
				FB5E260F1D815DBA00E4FA37 /* LaunchScreen.storyboard */,
				FB5E26121D815DBA00E4FA37 /* Info.plist */,
				FB5E26011D815DBA00E4FA37 /* Supporting Files */,
			);
			path = NGCategoriesSample;
			sourceTree = "<group>";
		};
		FB5E26011D815DBA00E4FA37 /* Supporting Files */ = {
			isa = PBXGroup;
			children = (
				FB5E26021D815DBA00E4FA37 /* main.m */,
			);
			name = "Supporting Files";
			sourceTree = "<group>";
		};
		FB5E264E1D81673300E4FA37 /* NGCategories */ = {
			isa = PBXGroup;
			children = (
				FB5E26561D81673300E4FA37 /* NGCategories.h */,
				FB5E264F1D81673300E4FA37 /* Foundation */,
				FB5E26571D81673300E4FA37 /* UIkit */,
			);
			name = NGCategories;
			path = ../NGCategories;
			sourceTree = "<group>";
		};
		FB5E264F1D81673300E4FA37 /* Foundation */ = {
			isa = PBXGroup;
			children = (
				FB5E26501D81673300E4FA37 /* NGFoundation.h */,
				FB5E26511D81673300E4FA37 /* NSArray */,
				FB0251561E7F816800A67D10 /* NSBundle */,
				FB5E26521D81673300E4FA37 /* NSAttributedString */,
				FB5E26531D81673300E4FA37 /* NSDate */,
				FB5E26541D81673300E4FA37 /* NSObject */,
				FB5E26551D81673300E4FA37 /* NSString */,
			);
			path = Foundation;
			sourceTree = "<group>";
		};
		FB5E26511D81673300E4FA37 /* NSArray */ = {
			isa = PBXGroup;
			children = (
				FB8896AF1DE943E500F93A0E /* NSArray+NGExtension.h */,
				FB8896B01DE943E500F93A0E /* NSArray+NGExtension.m */,
			);
			path = NSArray;
			sourceTree = "<group>";
		};
		FB5E26521D81673300E4FA37 /* NSAttributedString */ = {
			isa = PBXGroup;
			children = (
				FB8896AC1DE943D800F93A0E /* NSAttributedString+NGExtension.h */,
				FB8896AD1DE943D800F93A0E /* NSAttributedString+NGExtension.m */,
			);
			path = NSAttributedString;
			sourceTree = "<group>";
		};
		FB5E26531D81673300E4FA37 /* NSDate */ = {
			isa = PBXGroup;
			children = (
				FB8896A91DE943C900F93A0E /* NSDate+NGExtension.h */,
				FB8896AA1DE943C900F93A0E /* NSDate+NGExtension.m */,
			);
			path = NSDate;
			sourceTree = "<group>";
		};
		FB5E26541D81673300E4FA37 /* NSObject */ = {
			isa = PBXGroup;
			children = (
				FB8896A61DE943BB00F93A0E /* NSObject+NGExtension.h */,
				FB8896A71DE943BB00F93A0E /* NSObject+NGExtension.m */,
			);
			path = NSObject;
			sourceTree = "<group>";
		};
		FB5E26551D81673300E4FA37 /* NSString */ = {
			isa = PBXGroup;
			children = (
				FBFA55301DE826850023DA7A /* NSString+NGExtension.h */,
				FBFA55311DE826850023DA7A /* NSString+NGExtension.m */,
				FB8896B21DE949E600F93A0E /* NSString+NGRegex.h */,
				FB8896B31DE949E600F93A0E /* NSString+NGRegex.m */,
				FB02515A1E7F844000A67D10 /* NSString+NGPath.h */,
				FB02515B1E7F844000A67D10 /* NSString+NGPath.m */,
				FB0251721E83A8CF00A67D10 /* NSString+NGDisplay.h */,
				FB0251731E83A8CF00A67D10 /* NSString+NGDisplay.m */,
			);
			path = NSString;
			sourceTree = "<group>";
		};
		FB5E26571D81673300E4FA37 /* UIkit */ = {
			isa = PBXGroup;
			children = (
				FB5E26581D81673300E4FA37 /* NGUIKit.h */,
				FB5E26591D81673300E4FA37 /* UIBarButtonItem */,
				FB5E265A1D81673300E4FA37 /* UIColor */,
				FB5E265B1D81673300E4FA37 /* UIImage */,
				FB5E265C1D81673300E4FA37 /* UILabel */,
				FB5E265D1D81673300E4FA37 /* UINavigationController */,
				FB5E265E1D81673300E4FA37 /* UITextView */,
				FB0251521E7F7E9800A67D10 /* UIScreen */,
				FB5E265F1D81673300E4FA37 /* UIView */,
			);
			path = UIkit;
			sourceTree = "<group>";
		};
		FB5E26591D81673300E4FA37 /* UIBarButtonItem */ = {
			isa = PBXGroup;
			children = (
				FB8896A01DE9438000F93A0E /* UIBarButtonItem+NGExtension.h */,
				FB8896A11DE9438000F93A0E /* UIBarButtonItem+NGExtension.m */,
			);
			path = UIBarButtonItem;
			sourceTree = "<group>";
		};
		FB5E265A1D81673300E4FA37 /* UIColor */ = {
			isa = PBXGroup;
			children = (
				FB88969D1DE9431600F93A0E /* UIColor+NGExtension.h */,
				FB88969E1DE9431600F93A0E /* UIColor+NGExtension.m */,
			);
			path = UIColor;
			sourceTree = "<group>";
		};
		FB5E265B1D81673300E4FA37 /* UIImage */ = {
			isa = PBXGroup;
			children = (
				FB88969A1DE9302100F93A0E /* UIImage+NGExtension.h */,
				FB88969B1DE9302100F93A0E /* UIImage+NGExtension.m */,
			);
			path = UIImage;
			sourceTree = "<group>";
		};
		FB5E265C1D81673300E4FA37 /* UILabel */ = {
			isa = PBXGroup;
			children = (
				FB8896971DE9300300F93A0E /* UILabel+NGExtension.h */,
				FB8896981DE9300300F93A0E /* UILabel+NGExtension.m */,
			);
			path = UILabel;
			sourceTree = "<group>";
		};
		FB5E265D1D81673300E4FA37 /* UINavigationController */ = {
			isa = PBXGroup;
			children = (
				FB8896941DE92FDF00F93A0E /* UINavigationController+NGExtension.h */,
				FB8896951DE92FDF00F93A0E /* UINavigationController+NGExtension.m */,
				FB02515D1E7FDBC300A67D10 /* UINavigationController+NGFullScreenPopGesture.h */,
				FB02515E1E7FDBC300A67D10 /* UINavigationController+NGFullScreenPopGesture.m */,
			);
			path = UINavigationController;
			sourceTree = "<group>";
		};
		FB5E265E1D81673300E4FA37 /* UITextView */ = {
			isa = PBXGroup;
			children = (
				FB8896911DE92F7D00F93A0E /* UITextView+NGExtension.h */,
				FB8896921DE92F7D00F93A0E /* UITextView+NGExtension.m */,
			);
			path = UITextView;
			sourceTree = "<group>";
		};
		FB5E265F1D81673300E4FA37 /* UIView */ = {
			isa = PBXGroup;
			children = (
				FBFA552A1DE826490023DA7A /* UIView+NGExtension.h */,
				FBFA552B1DE826490023DA7A /* UIView+NGExtension.m */,
				FB5E26601D8167C600E4FA37 /* UIView+NGFrame.h */,
				FB5E26611D8167C600E4FA37 /* UIView+NGFrame.m */,
			);
			path = UIView;
			sourceTree = "<group>";
		};
		FB6541281DEBCE6C00DBB4EA /* Foundation */ = {
			isa = PBXGroup;
			children = (
				FB735FF91DFE46C400034EED /* NSAttributedStringSampleController.h */,
				FB735FFA1DFE46C400034EED /* NSAttributedStringSampleController.m */,
			);
			path = Foundation;
			sourceTree = "<group>";
		};
		FB6541291DEBCE7400DBB4EA /* UIKit */ = {
			isa = PBXGroup;
			children = (
				FB65412A1DEBCF3F00DBB4EA /* UIImageSampleController.h */,
				FB65412B1DEBCF3F00DBB4EA /* UIImageSampleController.m */,
			);
			path = UIKit;
			sourceTree = "<group>";
		};
/* End PBXGroup section */

/* Begin PBXNativeTarget section */
		FB5E25FD1D815DBA00E4FA37 /* NGCategoriesSample */ = {
			isa = PBXNativeTarget;
			buildConfigurationList = FB5E26151D815DBA00E4FA37 /* Build configuration list for PBXNativeTarget "NGCategoriesSample" */;
			buildPhases = (
				FB5E25FA1D815DBA00E4FA37 /* Sources */,
				FB5E25FB1D815DBA00E4FA37 /* Frameworks */,
				FB5E25FC1D815DBA00E4FA37 /* Resources */,
			);
			buildRules = (
			);
			dependencies = (
			);
			name = NGCategoriesSample;
			productName = NGCategoriesSample;
			productReference = FB5E25FE1D815DBA00E4FA37 /* NGCategoriesSample.app */;
			productType = "com.apple.product-type.application";
		};
/* End PBXNativeTarget section */

/* Begin PBXProject section */
		FB5E25F61D815DBA00E4FA37 /* Project object */ = {
			isa = PBXProject;
			attributes = {
				CLASSPREFIX = NG;
				LastUpgradeCheck = 0730;
				ORGANIZATIONNAME = "http://naijoug.com";
				TargetAttributes = {
					FB5E25FD1D815DBA00E4FA37 = {
						CreatedOnToolsVersion = 7.3;
						DevelopmentTeam = RST9ZXLB4E;
					};
				};
			};
			buildConfigurationList = FB5E25F91D815DBA00E4FA37 /* Build configuration list for PBXProject "NGCategoriesSample" */;
			compatibilityVersion = "Xcode 3.2";
			developmentRegion = English;
			hasScannedForEncodings = 0;
			knownRegions = (
				en,
				Base,
			);
			mainGroup = FB5E25F51D815DBA00E4FA37;
			productRefGroup = FB5E25FF1D815DBA00E4FA37 /* Products */;
			projectDirPath = "";
			projectRoot = "";
			targets = (
				FB5E25FD1D815DBA00E4FA37 /* NGCategoriesSample */,
			);
		};
/* End PBXProject section */

/* Begin PBXResourcesBuildPhase section */
		FB5E25FC1D815DBA00E4FA37 /* Resources */ = {
			isa = PBXResourcesBuildPhase;
			buildActionMask = 2147483647;
			files = (
				FB5E26111D815DBA00E4FA37 /* LaunchScreen.storyboard in Resources */,
				FB5E260E1D815DBA00E4FA37 /* Assets.xcassets in Resources */,
				FB5E260C1D815DBA00E4FA37 /* Main.storyboard in Resources */,
			);
			runOnlyForDeploymentPostprocessing = 0;
		};
/* End PBXResourcesBuildPhase section */

/* Begin PBXSourcesBuildPhase section */
		FB5E25FA1D815DBA00E4FA37 /* Sources */ = {
			isa = PBXSourcesBuildPhase;
			buildActionMask = 2147483647;
			files = (
				FB8896AE1DE943D800F93A0E /* NSAttributedString+NGExtension.m in Sources */,
				FBFA55321DE826850023DA7A /* NSString+NGExtension.m in Sources */,
				FB02515F1E7FDBC300A67D10 /* UINavigationController+NGFullScreenPopGesture.m in Sources */,
				FB88969F1DE9431600F93A0E /* UIColor+NGExtension.m in Sources */,
				FB8896A81DE943BB00F93A0E /* NSObject+NGExtension.m in Sources */,
				FB02515C1E7F844100A67D10 /* NSString+NGPath.m in Sources */,
				FB0251711E812A3600A67D10 /* NGBaseSampleController.m in Sources */,
				FB65412C1DEBCF3F00DBB4EA /* UIImageSampleController.m in Sources */,
				FB8896961DE92FDF00F93A0E /* UINavigationController+NGExtension.m in Sources */,
				FB5E26061D815DBA00E4FA37 /* AppDelegate.m in Sources */,
				FBFA552C1DE826490023DA7A /* UIView+NGExtension.m in Sources */,
				FB5E26031D815DBA00E4FA37 /* main.m in Sources */,
				FB8896B41DE949E600F93A0E /* NSString+NGRegex.m in Sources */,
				FB0251591E7F817F00A67D10 /* NSBundle+NGExtension.m in Sources */,
				FB8896931DE92F7D00F93A0E /* UITextView+NGExtension.m in Sources */,
				FB735FFB1DFE46C400034EED /* NSAttributedStringSampleController.m in Sources */,
				FB5E26621D8167C600E4FA37 /* UIView+NGFrame.m in Sources */,
				FB0251741E83A8CF00A67D10 /* NSString+NGDisplay.m in Sources */,
				FB02516B1E812A0700A67D10 /* UIKitSampleController.m in Sources */,
				FB8896B11DE943E500F93A0E /* NSArray+NGExtension.m in Sources */,
				FB8896A21DE9438000F93A0E /* UIBarButtonItem+NGExtension.m in Sources */,
				FB0251551E7F7EB000A67D10 /* UIScreen+NGExtension.m in Sources */,
				FB88969C1DE9302100F93A0E /* UIImage+NGExtension.m in Sources */,
				FB8896AB1DE943C900F93A0E /* NSDate+NGExtension.m in Sources */,
				FB8896991DE9300300F93A0E /* UILabel+NGExtension.m in Sources */,
				FB02516E1E812A0F00A67D10 /* FoundationSampleController.m in Sources */,
			);
			runOnlyForDeploymentPostprocessing = 0;
		};
/* End PBXSourcesBuildPhase section */

/* Begin PBXVariantGroup section */
		FB5E260A1D815DBA00E4FA37 /* Main.storyboard */ = {
			isa = PBXVariantGroup;
			children = (
				FB5E260B1D815DBA00E4FA37 /* Base */,
			);
			name = Main.storyboard;
			sourceTree = "<group>";
		};
		FB5E260F1D815DBA00E4FA37 /* LaunchScreen.storyboard */ = {
			isa = PBXVariantGroup;
			children = (
				FB5E26101D815DBA00E4FA37 /* Base */,
			);
			name = LaunchScreen.storyboard;
			sourceTree = "<group>";
		};
/* End PBXVariantGroup section */

/* Begin XCBuildConfiguration section */
		FB5E26131D815DBA00E4FA37 /* Debug */ = {
			isa = XCBuildConfiguration;
			buildSettings = {
				ALWAYS_SEARCH_USER_PATHS = NO;
				CLANG_ANALYZER_NONNULL = YES;
				CLANG_CXX_LANGUAGE_STANDARD = "gnu++0x";
				CLANG_CXX_LIBRARY = "libc++";
				CLANG_ENABLE_MODULES = YES;
				CLANG_ENABLE_OBJC_ARC = YES;
				CLANG_WARN_BOOL_CONVERSION = YES;
				CLANG_WARN_CONSTANT_CONVERSION = YES;
				CLANG_WARN_DIRECT_OBJC_ISA_USAGE = YES_ERROR;
				CLANG_WARN_EMPTY_BODY = YES;
				CLANG_WARN_ENUM_CONVERSION = YES;
				CLANG_WARN_INT_CONVERSION = YES;
				CLANG_WARN_OBJC_ROOT_CLASS = YES_ERROR;
				CLANG_WARN_UNREACHABLE_CODE = YES;
				CLANG_WARN__DUPLICATE_METHOD_MATCH = YES;
				"CODE_SIGN_IDENTITY[sdk=iphoneos*]" = "iPhone Developer";
				COPY_PHASE_STRIP = NO;
				DEBUG_INFORMATION_FORMAT = dwarf;
				ENABLE_STRICT_OBJC_MSGSEND = YES;
				ENABLE_TESTABILITY = YES;
				GCC_C_LANGUAGE_STANDARD = gnu99;
				GCC_DYNAMIC_NO_PIC = NO;
				GCC_NO_COMMON_BLOCKS = YES;
				GCC_OPTIMIZATION_LEVEL = 0;
				GCC_PREPROCESSOR_DEFINITIONS = (
					"DEBUG=1",
					"$(inherited)",
				);
				GCC_WARN_64_TO_32_BIT_CONVERSION = YES;
				GCC_WARN_ABOUT_RETURN_TYPE = YES_ERROR;
				GCC_WARN_UNDECLARED_SELECTOR = YES;
				GCC_WARN_UNINITIALIZED_AUTOS = YES_AGGRESSIVE;
				GCC_WARN_UNUSED_FUNCTION = YES;
				GCC_WARN_UNUSED_VARIABLE = YES;
				IPHONEOS_DEPLOYMENT_TARGET = 9.3;
				MTL_ENABLE_DEBUG_INFO = YES;
				ONLY_ACTIVE_ARCH = YES;
				SDKROOT = iphoneos;
			};
			name = Debug;
		};
		FB5E26141D815DBA00E4FA37 /* Release */ = {
			isa = XCBuildConfiguration;
			buildSettings = {
				ALWAYS_SEARCH_USER_PATHS = NO;
				CLANG_ANALYZER_NONNULL = YES;
				CLANG_CXX_LANGUAGE_STANDARD = "gnu++0x";
				CLANG_CXX_LIBRARY = "libc++";
				CLANG_ENABLE_MODULES = YES;
				CLANG_ENABLE_OBJC_ARC = YES;
				CLANG_WARN_BOOL_CONVERSION = YES;
				CLANG_WARN_CONSTANT_CONVERSION = YES;
				CLANG_WARN_DIRECT_OBJC_ISA_USAGE = YES_ERROR;
				CLANG_WARN_EMPTY_BODY = YES;
				CLANG_WARN_ENUM_CONVERSION = YES;
				CLANG_WARN_INT_CONVERSION = YES;
				CLANG_WARN_OBJC_ROOT_CLASS = YES_ERROR;
				CLANG_WARN_UNREACHABLE_CODE = YES;
				CLANG_WARN__DUPLICATE_METHOD_MATCH = YES;
				"CODE_SIGN_IDENTITY[sdk=iphoneos*]" = "iPhone Developer";
				COPY_PHASE_STRIP = NO;
				DEBUG_INFORMATION_FORMAT = "dwarf-with-dsym";
				ENABLE_NS_ASSERTIONS = NO;
				ENABLE_STRICT_OBJC_MSGSEND = YES;
				GCC_C_LANGUAGE_STANDARD = gnu99;
				GCC_NO_COMMON_BLOCKS = YES;
				GCC_WARN_64_TO_32_BIT_CONVERSION = YES;
				GCC_WARN_ABOUT_RETURN_TYPE = YES_ERROR;
				GCC_WARN_UNDECLARED_SELECTOR = YES;
				GCC_WARN_UNINITIALIZED_AUTOS = YES_AGGRESSIVE;
				GCC_WARN_UNUSED_FUNCTION = YES;
				GCC_WARN_UNUSED_VARIABLE = YES;
				IPHONEOS_DEPLOYMENT_TARGET = 9.3;
				MTL_ENABLE_DEBUG_INFO = NO;
				SDKROOT = iphoneos;
				VALIDATE_PRODUCT = YES;
			};
			name = Release;
		};
		FB5E26161D815DBA00E4FA37 /* Debug */ = {
			isa = XCBuildConfiguration;
			buildSettings = {
				ASSETCATALOG_COMPILER_APPICON_NAME = AppIcon;
				DEVELOPMENT_TEAM = RST9ZXLB4E;
				INFOPLIST_FILE = NGCategoriesSample/Info.plist;
				LD_RUNPATH_SEARCH_PATHS = "$(inherited) @executable_path/Frameworks";
				PRODUCT_BUNDLE_IDENTIFIER = com.naijoug.NGCategoriesSample;
				PRODUCT_NAME = "$(TARGET_NAME)";
			};
			name = Debug;
		};
		FB5E26171D815DBA00E4FA37 /* Release */ = {
			isa = XCBuildConfiguration;
			buildSettings = {
				ASSETCATALOG_COMPILER_APPICON_NAME = AppIcon;
				DEVELOPMENT_TEAM = RST9ZXLB4E;
				INFOPLIST_FILE = NGCategoriesSample/Info.plist;
				LD_RUNPATH_SEARCH_PATHS = "$(inherited) @executable_path/Frameworks";
				PRODUCT_BUNDLE_IDENTIFIER = com.naijoug.NGCategoriesSample;
				PRODUCT_NAME = "$(TARGET_NAME)";
			};
			name = Release;
		};
/* End XCBuildConfiguration section */

/* Begin XCConfigurationList section */
		FB5E25F91D815DBA00E4FA37 /* Build configuration list for PBXProject "NGCategoriesSample" */ = {
			isa = XCConfigurationList;
			buildConfigurations = (
				FB5E26131D815DBA00E4FA37 /* Debug */,
				FB5E26141D815DBA00E4FA37 /* Release */,
			);
			defaultConfigurationIsVisible = 0;
			defaultConfigurationName = Release;
		};
		FB5E26151D815DBA00E4FA37 /* Build configuration list for PBXNativeTarget "NGCategoriesSample" */ = {
			isa = XCConfigurationList;
			buildConfigurations = (
				FB5E26161D815DBA00E4FA37 /* Debug */,
				FB5E26171D815DBA00E4FA37 /* Release */,
			);
			defaultConfigurationIsVisible = 0;
			defaultConfigurationName = Release;
		};
/* End XCConfigurationList section */
	};
	rootObject = FB5E25F61D815DBA00E4FA37 /* Project object */;
}
